
Microsoft Visual Studio Solution File, Format Version 12.00
# Visual Studio 15
VisualStudioVersion = 15.0.28307.168
MinimumVisualStudioVersion = 10.0.40219.1
Project("{FAE04EC0-301F-11D3-BF4B-00C04F79EFBC}") = "Assignment1", "Assignment1\Assignment1.csproj", "{B973CCE5-F67D-43FF-9A18-F723E6FA8918}"
EndProject
Global
	GlobalSection(SolutionConfigurationPlatforms) = preSolution
		Debug|Any CPU = Debug|Any CPU
		Release|Any CPU = Release|Any CPU
	EndGlobalSection
	GlobalSection(ProjectConfigurationPlatforms) = postSolution
		{B973CCE5-F67D-43FF-9A18-F723E6FA8918}.Debug|Any CPU.ActiveCfg = Debug|Any CPU
		{B973CCE5-F67D-43FF-9A18-F723E6FA8918}.Debug|Any CPU.Build.0 = Debug|Any CPU
		{B973CCE5-F67D-43FF-9A18-F723E6FA8918}.Release|Any CPU.ActiveCfg = Release|Any CPU
		{B973CCE5-F67D-43FF-9A18-F723E6FA8918}.Release|Any CPU.Build.0 = Release|Any CPU
	EndGlobalSection
	GlobalSection(SolutionProperties) = preSolution
		HideSolutionNode = FALSE
	EndGlobalSection
	GlobalSection(ExtensibilityGlobals) = postSolution
		SolutionGuid = {5CF70E0A-9E14-443C-ABE2-A1F91BEF6438}
	EndGlobalSection
EndGlobal
